schema: '2.0'
stages:
  prepare_cleaning:
    cmd: uv run src/1_prepare/cleaning.py data/raw/CICIDS2017_improved
    deps:
    - path: data/raw/CICIDS2017_improved
      hash: md5
      md5: 97448ae36a9acd7110a7c6dafed93e84.dir
      size: 1152270765
      nfiles: 5
    - path: src/1_prepare/cleaning.py
      hash: md5
      md5: 485fc3aac7caa1db2a697efa3bf987d4
      size: 4294
    outs:
    - path: data/processed/cleaned
      hash: md5
      md5: 97ff0f727de3cb88f61d8fffc97a0860.dir
      size: 191313684
      nfiles: 5
    - path: labels.txt
      hash: md5
      md5: 63207b22831c738378d27e0c1363edb3
      size: 115
    - path: logs/cleaning.log
      hash: md5
      md5: 6d21ef184401a9a61c41338660fff33b
      size: 136
  prepare_normalize:
    cmd: uv run src/1_prepare/normalize.py data/processed/cleaned
    deps:
    - path: data/processed/cleaned
      hash: md5
      md5: 97ff0f727de3cb88f61d8fffc97a0860.dir
      size: 191313684
      nfiles: 5
    - path: src/1_prepare/normalize.py
      hash: md5
      md5: 0e689fa1f0964f113ca30713e0a447c5
      size: 2781
    outs:
    - path: data/processed/normalized
      hash: md5
      md5: 27496b36c31a5f9f906d8a193356e92f.dir
      size: 77457720
      nfiles: 5
    - path: logs/normalize.log
      hash: md5
      md5: 9ad56c8c9d5dbfc04ad183b2d17849ee
      size: 5755
  prepare_sampling:
    cmd: uv run src/1_prepare/sampling.py data/processed/normalized/train
    deps:
    - path: data/processed/normalized/train
      hash: md5
      md5: 53ddc61c146ff8d2ef97f2bb2949e1e2.dir
      size: 54219548
      nfiles: 3
    - path: src/1_prepare/sampling.py
      hash: md5
      md5: 89c9b1e17bdbfd7292540bed5231bb65
      size: 2775
    outs:
    - path: data/processed/sampled
      hash: md5
      md5: 33dcb1e528d321f51e32ccb529312bda.dir
      size: 54219621
      nfiles: 3
    - path: logs/sampling.log
      hash: md5
      md5: 2b40f55506cf58af8a8d01c022cc457a
      size: 143
  train:
    cmd: uv run src/2_train/multi_train.py data/processed/sampled
    deps:
    - path: data/processed/sampled
      hash: md5
      md5: 33dcb1e528d321f51e32ccb529312bda.dir
      size: 54219621
      nfiles: 3
    - path: src/2_train/multi_train.py
      hash: md5
      md5: d604199b543c852a5d32add093b43f0c
      size: 9174
    outs:
    - path: logs/train.log
      hash: md5
      md5: e2d015e89c562bbcf7a482991899c4b6
      size: 145
    - path: logs/train_result.log
      hash: md5
      md5: f9ed862635e60e37d7a3953193450b84
      size: 23174
    - path: models
      hash: md5
      md5: 695bf8822e164652f08a1c92a1406507.dir
      size: 2458237
      nfiles: 1
  evaluate:
    cmd: uv run src/3_evaluate/evaluate.py data/processed/normalized/test
    deps:
    - path: data/processed/normalized/test
      hash: md5
      md5: b23de07975083835bc10669f851deffc.dir
      size: 23238172
      nfiles: 2
    - path: models
      hash: md5
      md5: 695bf8822e164652f08a1c92a1406507.dir
      size: 2458237
      nfiles: 1
    - path: src/3_evaluate/evaluate.py
      hash: md5
      md5: 93435d32a4d5ed10984a22305223e552
      size: 3433
    outs:
    - path: evaluate
      hash: md5
      md5: 45189461beb5c36e610f9a9bc47ac50a.dir
      size: 2520016
      nfiles: 1
    - path: logs/evaluate.log
      hash: md5
      md5: d82bc60b22c652aa85983411030e801c
      size: 135
